// !$*UTF8*$!
{
	archiveVersion = 1;
	classes = {
	};
	objectVersion = 77;
	objects = {

/* Begin PBXBuildFile section */
		67F83B0D2D1F768800B9880A /* Assets.xcassets in Resources */ = {isa = PBXBuildFile; fileRef = 67F83B062D1F768800B9880A /* Assets.xcassets */; };
		67F83B0E2D1F768800B9880A /* Preview Assets.xcassets in Resources */ = {isa = PBXBuildFile; fileRef = 67F83B082D1F768800B9880A /* Preview Assets.xcassets */; };
		67F83B0F2D1F768800B9880A /* ExampleApp.swift in Sources */ = {isa = PBXBuildFile; fileRef = 67F83B042D1F768800B9880A /* ExampleApp.swift */; };
		67F83B102D1F768800B9880A /* ContentView.swift in Sources */ = {isa = PBXBuildFile; fileRef = 67F83B0A2D1F768800B9880A /* ContentView.swift */; };
		67F83BF42D2865BA00B9880A /* Joke.swift in Sources */ = {isa = PBXBuildFile; fileRef = 67F83BF32D2865BA00B9880A /* Joke.swift */; };
		67F83BF72D28667600B9880A /* JokeEndpoint.swift in Sources */ = {isa = PBXBuildFile; fileRef = 67F83BF62D28667600B9880A /* JokeEndpoint.swift */; };
		67F83BFA2D28671200B9880A /* Color+Extensions.swift in Sources */ = {isa = PBXBuildFile; fileRef = 67F83BF92D28671200B9880A /* Color+Extensions.swift */; };
		67F83BFD2D28675900B9880A /* Constants.swift in Sources */ = {isa = PBXBuildFile; fileRef = 67F83BFC2D28675900B9880A /* Constants.swift */; };
		67F83BFF2D2867B300B9880A /* ContentViewModel.swift in Sources */ = {isa = PBXBuildFile; fileRef = 67F83BFE2D2867B300B9880A /* ContentViewModel.swift */; };
		67F83C022D2869D500B9880A /* AtomNetworking.framework in Frameworks */ = {isa = PBXBuildFile; fileRef = 67F83C012D2869D500B9880A /* AtomNetworking.framework */; };
		67F83C032D2869D500B9880A /* AtomNetworking.framework in Embed Frameworks */ = {isa = PBXBuildFile; fileRef = 67F83C012D2869D500B9880A /* AtomNetworking.framework */; settings = {ATTRIBUTES = (CodeSignOnCopy, RemoveHeadersOnCopy, ); }; };
/* End PBXBuildFile section */

/* Begin PBXCopyFilesBuildPhase section */
		67F83C042D2869D500B9880A /* Embed Frameworks */ = {
			isa = PBXCopyFilesBuildPhase;
			buildActionMask = 2147483647;
			dstPath = "";
			dstSubfolderSpec = 10;
			files = (
				67F83C032D2869D500B9880A /* AtomNetworking.framework in Embed Frameworks */,
			);
			name = "Embed Frameworks";
			runOnlyForDeploymentPostprocessing = 0;
		};
/* End PBXCopyFilesBuildPhase section */

/* Begin PBXFileReference section */
		67F83AE22D1F733800B9880A /* Example.app */ = {isa = PBXFileReference; explicitFileType = wrapper.application; includeInIndex = 0; path = Example.app; sourceTree = BUILT_PRODUCTS_DIR; };
		67F83B042D1F768800B9880A /* ExampleApp.swift */ = {isa = PBXFileReference; lastKnownFileType = sourcecode.swift; path = ExampleApp.swift; sourceTree = "<group>"; };
		67F83B062D1F768800B9880A /* Assets.xcassets */ = {isa = PBXFileReference; lastKnownFileType = folder.assetcatalog; path = Assets.xcassets; sourceTree = "<group>"; };
		67F83B082D1F768800B9880A /* Preview Assets.xcassets */ = {isa = PBXFileReference; lastKnownFileType = folder.assetcatalog; path = "Preview Assets.xcassets"; sourceTree = "<group>"; };
		67F83B0A2D1F768800B9880A /* ContentView.swift */ = {isa = PBXFileReference; lastKnownFileType = sourcecode.swift; path = ContentView.swift; sourceTree = "<group>"; };
		67F83BF32D2865BA00B9880A /* Joke.swift */ = {isa = PBXFileReference; lastKnownFileType = sourcecode.swift; path = Joke.swift; sourceTree = "<group>"; };
		67F83BF62D28667600B9880A /* JokeEndpoint.swift */ = {isa = PBXFileReference; lastKnownFileType = sourcecode.swift; path = JokeEndpoint.swift; sourceTree = "<group>"; };
		67F83BF92D28671200B9880A /* Color+Extensions.swift */ = {isa = PBXFileReference; lastKnownFileType = sourcecode.swift; path = "Color+Extensions.swift"; sourceTree = "<group>"; };
		67F83BFC2D28675900B9880A /* Constants.swift */ = {isa = PBXFileReference; lastKnownFileType = sourcecode.swift; path = Constants.swift; sourceTree = "<group>"; };
		67F83BFE2D2867B300B9880A /* ContentViewModel.swift */ = {isa = PBXFileReference; lastKnownFileType = sourcecode.swift; path = ContentViewModel.swift; sourceTree = "<group>"; };
		67F83C012D2869D500B9880A /* AtomNetworking.framework */ = {isa = PBXFileReference; explicitFileType = wrapper.framework; path = AtomNetworking.framework; sourceTree = BUILT_PRODUCTS_DIR; };
/* End PBXFileReference section */

/* Begin PBXFrameworksBuildPhase section */
		67F83ADF2D1F733800B9880A /* Frameworks */ = {
			isa = PBXFrameworksBuildPhase;
			buildActionMask = 2147483647;
			files = (
				67F83C022D2869D500B9880A /* AtomNetworking.framework in Frameworks */,
			);
			runOnlyForDeploymentPostprocessing = 0;
		};
/* End PBXFrameworksBuildPhase section */

/* Begin PBXGroup section */
		67F83AD92D1F733800B9880A = {
			isa = PBXGroup;
			children = (
				67F83B0C2D1F768800B9880A /* Example */,
				67F83C002D2869D500B9880A /* Frameworks */,
				67F83AE32D1F733800B9880A /* Products */,
			);
			sourceTree = "<group>";
		};
		67F83AE32D1F733800B9880A /* Products */ = {
			isa = PBXGroup;
			children = (
				67F83AE22D1F733800B9880A /* Example.app */,
			);
			name = Products;
			sourceTree = "<group>";
		};
		67F83B052D1F768800B9880A /* Application */ = {
			isa = PBXGroup;
			children = (
				67F83B042D1F768800B9880A /* ExampleApp.swift */,
			);
			path = Application;
			sourceTree = "<group>";
		};
		67F83B072D1F768800B9880A /* Assets */ = {
			isa = PBXGroup;
			children = (
				67F83B062D1F768800B9880A /* Assets.xcassets */,
			);
			path = Assets;
			sourceTree = "<group>";
		};
		67F83B092D1F768800B9880A /* Preview Content */ = {
			isa = PBXGroup;
			children = (
				67F83B082D1F768800B9880A /* Preview Assets.xcassets */,
			);
			path = "Preview Content";
			sourceTree = "<group>";
		};
		67F83B0B2D1F768800B9880A /* Views */ = {
			isa = PBXGroup;
			children = (
				67F83B0A2D1F768800B9880A /* ContentView.swift */,
				67F83BFE2D2867B300B9880A /* ContentViewModel.swift */,
			);
			path = Views;
			sourceTree = "<group>";
		};
		67F83B0C2D1F768800B9880A /* Example */ = {
			isa = PBXGroup;
			children = (
				67F83B052D1F768800B9880A /* Application */,
				67F83B072D1F768800B9880A /* Assets */,
				67F83BF52D28665900B9880A /* Endpoints */,
				67F83BF82D2866FB00B9880A /* Extensions */,
				67F83BFB2D28674D00B9880A /* Global */,
				67F83BF22D2865AC00B9880A /* Models */,
				67F83B092D1F768800B9880A /* Preview Content */,
				67F83B0B2D1F768800B9880A /* Views */,
			);
			path = Example;
			sourceTree = "<group>";
		};
		67F83BF22D2865AC00B9880A /* Models */ = {
			isa = PBXGroup;
			children = (
				67F83BF32D2865BA00B9880A /* Joke.swift */,
			);
			path = Models;
			sourceTree = "<group>";
		};
		67F83BF52D28665900B9880A /* Endpoints */ = {
			isa = PBXGroup;
			children = (
				67F83BF62D28667600B9880A /* JokeEndpoint.swift */,
			);
			path = Endpoints;
			sourceTree = "<group>";
		};
		67F83BF82D2866FB00B9880A /* Extensions */ = {
			isa = PBXGroup;
			children = (
				67F83BF92D28671200B9880A /* Color+Extensions.swift */,
			);
			path = Extensions;
			sourceTree = "<group>";
		};
		67F83BFB2D28674D00B9880A /* Global */ = {
			isa = PBXGroup;
			children = (
				67F83BFC2D28675900B9880A /* Constants.swift */,
			);
			path = Global;
			sourceTree = "<group>";
		};
		67F83C002D2869D500B9880A /* Frameworks */ = {
			isa = PBXGroup;
			children = (
				67F83C012D2869D500B9880A /* AtomNetworking.framework */,
			);
			name = Frameworks;
			sourceTree = "<group>";
		};
/* End PBXGroup section */

/* Begin PBXNativeTarget section */
		67F83AE12D1F733800B9880A /* Example */ = {
			isa = PBXNativeTarget;
			buildConfigurationList = 67F83AF02D1F733900B9880A /* Build configuration list for PBXNativeTarget "Example" */;
			buildPhases = (
				67F83ADE2D1F733800B9880A /* Sources */,
				67F83ADF2D1F733800B9880A /* Frameworks */,
				67F83AE02D1F733800B9880A /* Resources */,
				67F83C042D2869D500B9880A /* Embed Frameworks */,
			);
			buildRules = (
			);
			dependencies = (
			);
			name = Example;
			packageProductDependencies = (
			);
			productName = Example;
			productReference = 67F83AE22D1F733800B9880A /* Example.app */;
			productType = "com.apple.product-type.application";
		};
/* End PBXNativeTarget section */

/* Begin PBXProject section */
		67F83ADA2D1F733800B9880A /* Project object */ = {
			isa = PBXProject;
			attributes = {
				BuildIndependentTargetsInParallel = 1;
				LastSwiftUpdateCheck = 1620;
				LastUpgradeCheck = 1620;
				TargetAttributes = {
					67F83AE12D1F733800B9880A = {
						CreatedOnToolsVersion = 16.2;
					};
				};
			};
			buildConfigurationList = 67F83ADD2D1F733800B9880A /* Build configuration list for PBXProject "Example" */;
			developmentRegion = en;
			hasScannedForEncodings = 0;
			knownRegions = (
				en,
				Base,
			);
			mainGroup = 67F83AD92D1F733800B9880A;
			minimizedProjectReferenceProxies = 1;
			preferredProjectObjectVersion = 77;
			productRefGroup = 67F83AE32D1F733800B9880A /* Products */;
			projectDirPath = "";
			projectRoot = "";
			targets = (
				67F83AE12D1F733800B9880A /* Example */,
			);
		};
/* End PBXProject section */

/* Begin PBXResourcesBuildPhase section */
		67F83AE02D1F733800B9880A /* Resources */ = {
			isa = PBXResourcesBuildPhase;
			buildActionMask = 2147483647;
			files = (
				67F83B0D2D1F768800B9880A /* Assets.xcassets in Resources */,
				67F83B0E2D1F768800B9880A /* Preview Assets.xcassets in Resources */,
			);
			runOnlyForDeploymentPostprocessing = 0;
		};
/* End PBXResourcesBuildPhase section */

/* Begin PBXSourcesBuildPhase section */
		67F83ADE2D1F733800B9880A /* Sources */ = {
			isa = PBXSourcesBuildPhase;
			buildActionMask = 2147483647;
			files = (
				67F83BFA2D28671200B9880A /* Color+Extensions.swift in Sources */,
				67F83B0F2D1F768800B9880A /* ExampleApp.swift in Sources */,
				67F83B102D1F768800B9880A /* ContentView.swift in Sources */,
				67F83BFF2D2867B300B9880A /* ContentViewModel.swift in Sources */,
				67F83BF42D2865BA00B9880A /* Joke.swift in Sources */,
				67F83BF72D28667600B9880A /* JokeEndpoint.swift in Sources */,
				67F83BFD2D28675900B9880A /* Constants.swift in Sources */,
			);
			runOnlyForDeploymentPostprocessing = 0;
		};
/* End PBXSourcesBuildPhase section */

/* Begin XCBuildConfiguration section */
		67F83AEE2D1F733900B9880A /* Debug */ = {
			isa = XCBuildConfiguration;
			buildSettings = {
				ALWAYS_SEARCH_USER_PATHS = NO;
				ASSETCATALOG_COMPILER_GENERATE_SWIFT_ASSET_SYMBOL_EXTENSIONS = YES;
				CLANG_ANALYZER_NONNULL = YES;
				CLANG_ANALYZER_NUMBER_OBJECT_CONVERSION = YES_AGGRESSIVE;
				CLANG_CXX_LANGUAGE_STANDARD = "gnu++20";
				CLANG_ENABLE_MODULES = YES;
				CLANG_ENABLE_OBJC_ARC = YES;
				CLANG_ENABLE_OBJC_WEAK = YES;
				CLANG_WARN_BLOCK_CAPTURE_AUTORELEASING = YES;
				CLANG_WARN_BOOL_CONVERSION = YES;
				CLANG_WARN_COMMA = YES;
				CLANG_WARN_CONSTANT_CONVERSION = YES;
				CLANG_WARN_DEPRECATED_OBJC_IMPLEMENTATIONS = YES;
				CLANG_WARN_DIRECT_OBJC_ISA_USAGE = YES_ERROR;
				CLANG_WARN_DOCUMENTATION_COMMENTS = YES;
				CLANG_WARN_EMPTY_BODY = YES;
				CLANG_WARN_ENUM_CONVERSION = YES;
				CLANG_WARN_INFINITE_RECURSION = YES;
				CLANG_WARN_INT_CONVERSION = YES;
				CLANG_WARN_NON_LITERAL_NULL_CONVERSION = YES;
				CLANG_WARN_OBJC_IMPLICIT_RETAIN_SELF = YES;
				CLANG_WARN_OBJC_LITERAL_CONVERSION = YES;
				CLANG_WARN_OBJC_ROOT_CLASS = YES_ERROR;
				CLANG_WARN_QUOTED_INCLUDE_IN_FRAMEWORK_HEADER = YES;
				CLANG_WARN_RANGE_LOOP_ANALYSIS = YES;
				CLANG_WARN_STRICT_PROTOTYPES = YES;
				CLANG_WARN_SUSPICIOUS_MOVE = YES;
				CLANG_WARN_UNGUARDED_AVAILABILITY = YES_AGGRESSIVE;
				CLANG_WARN_UNREACHABLE_CODE = YES;
				CLANG_WARN__DUPLICATE_METHOD_MATCH = YES;
				COPY_PHASE_STRIP = NO;
				DEBUG_INFORMATION_FORMAT = dwarf;
				ENABLE_STRICT_OBJC_MSGSEND = YES;
				ENABLE_TESTABILITY = YES;
				ENABLE_USER_SCRIPT_SANDBOXING = YES;
				GCC_C_LANGUAGE_STANDARD = gnu17;
				GCC_DYNAMIC_NO_PIC = NO;
				GCC_NO_COMMON_BLOCKS = YES;
				GCC_OPTIMIZATION_LEVEL = 0;
				GCC_PREPROCESSOR_DEFINITIONS = (
					"DEBUG=1",
					"$(inherited)",
				);
				GCC_WARN_64_TO_32_BIT_CONVERSION = YES;
				GCC_WARN_ABOUT_RETURN_TYPE = YES_ERROR;
				GCC_WARN_UNDECLARED_SELECTOR = YES;
				GCC_WARN_UNINITIALIZED_AUTOS = YES_AGGRESSIVE;
				GCC_WARN_UNUSED_FUNCTION = YES;
				GCC_WARN_UNUSED_VARIABLE = YES;
				IPHONEOS_DEPLOYMENT_TARGET = 15.0;
				LOCALIZATION_PREFERS_STRING_CATALOGS = YES;
				MTL_ENABLE_DEBUG_INFO = INCLUDE_SOURCE;
				MTL_FAST_MATH = YES;
				ONLY_ACTIVE_ARCH = YES;
				SDKROOT = iphoneos;
				SWIFT_ACTIVE_COMPILATION_CONDITIONS = "DEBUG $(inherited)";
				SWIFT_OPTIMIZATION_LEVEL = "-Onone";
			};
			name = Debug;
		};
		67F83AEF2D1F733900B9880A /* Release */ = {
			isa = XCBuildConfiguration;
			buildSettings = {
				ALWAYS_SEARCH_USER_PATHS = NO;
				ASSETCATALOG_COMPILER_GENERATE_SWIFT_ASSET_SYMBOL_EXTENSIONS = YES;
				CLANG_ANALYZER_NONNULL = YES;
				CLANG_ANALYZER_NUMBER_OBJECT_CONVERSION = YES_AGGRESSIVE;
				CLANG_CXX_LANGUAGE_STANDARD = "gnu++20";
				CLANG_ENABLE_MODULES = YES;
				CLANG_ENABLE_OBJC_ARC = YES;
				CLANG_ENABLE_OBJC_WEAK = YES;
				CLANG_WARN_BLOCK_CAPTURE_AUTORELEASING = YES;
				CLANG_WARN_BOOL_CONVERSION = YES;
				CLANG_WARN_COMMA = YES;
				CLANG_WARN_CONSTANT_CONVERSION = YES;
				CLANG_WARN_DEPRECATED_OBJC_IMPLEMENTATIONS = YES;
				CLANG_WARN_DIRECT_OBJC_ISA_USAGE = YES_ERROR;
				CLANG_WARN_DOCUMENTATION_COMMENTS = YES;
				CLANG_WARN_EMPTY_BODY = YES;
				CLANG_WARN_ENUM_CONVERSION = YES;
				CLANG_WARN_INFINITE_RECURSION = YES;
				CLANG_WARN_INT_CONVERSION = YES;
				CLANG_WARN_NON_LITERAL_NULL_CONVERSION = YES;
				CLANG_WARN_OBJC_IMPLICIT_RETAIN_SELF = YES;
				CLANG_WARN_OBJC_LITERAL_CONVERSION = YES;
				CLANG_WARN_OBJC_ROOT_CLASS = YES_ERROR;
				CLANG_WARN_QUOTED_INCLUDE_IN_FRAMEWORK_HEADER = YES;
				CLANG_WARN_RANGE_LOOP_ANALYSIS = YES;
				CLANG_WARN_STRICT_PROTOTYPES = YES;
				CLANG_WARN_SUSPICIOUS_MOVE = YES;
				CLANG_WARN_UNGUARDED_AVAILABILITY = YES_AGGRESSIVE;
				CLANG_WARN_UNREACHABLE_CODE = YES;
				CLANG_WARN__DUPLICATE_METHOD_MATCH = YES;
				COPY_PHASE_STRIP = NO;
				DEBUG_INFORMATION_FORMAT = "dwarf-with-dsym";
				ENABLE_NS_ASSERTIONS = NO;
				ENABLE_STRICT_OBJC_MSGSEND = YES;
				ENABLE_USER_SCRIPT_SANDBOXING = YES;
				GCC_C_LANGUAGE_STANDARD = gnu17;
				GCC_NO_COMMON_BLOCKS = YES;
				GCC_WARN_64_TO_32_BIT_CONVERSION = YES;
				GCC_WARN_ABOUT_RETURN_TYPE = YES_ERROR;
				GCC_WARN_UNDECLARED_SELECTOR = YES;
				GCC_WARN_UNINITIALIZED_AUTOS = YES_AGGRESSIVE;
				GCC_WARN_UNUSED_FUNCTION = YES;
				GCC_WARN_UNUSED_VARIABLE = YES;
				IPHONEOS_DEPLOYMENT_TARGET = 15.0;
				LOCALIZATION_PREFERS_STRING_CATALOGS = YES;
				MTL_ENABLE_DEBUG_INFO = NO;
				MTL_FAST_MATH = YES;
				SDKROOT = iphoneos;
				SWIFT_COMPILATION_MODE = wholemodule;
				VALIDATE_PRODUCT = YES;
			};
			name = Release;
		};
		67F83AF12D1F733900B9880A /* Debug */ = {
			isa = XCBuildConfiguration;
			buildSettings = {
				ASSETCATALOG_COMPILER_APPICON_NAME = AppIcon;
				ASSETCATALOG_COMPILER_GLOBAL_ACCENT_COLOR_NAME = AccentColor;
				CODE_SIGN_STYLE = Automatic;
				CURRENT_PROJECT_VERSION = 1;
				DEVELOPMENT_ASSET_PATHS = "\"Example/Preview Content\"";
				DEVELOPMENT_TEAM = H562758AXX;
				ENABLE_PREVIEWS = YES;
				GENERATE_INFOPLIST_FILE = YES;
				INFOPLIST_KEY_UIApplicationSceneManifest_Generation = YES;
				INFOPLIST_KEY_UIApplicationSupportsIndirectInputEvents = YES;
				INFOPLIST_KEY_UILaunchScreen_Generation = YES;
				INFOPLIST_KEY_UISupportedInterfaceOrientations_iPad = "UIInterfaceOrientationPortrait UIInterfaceOrientationPortraitUpsideDown UIInterfaceOrientationLandscapeLeft UIInterfaceOrientationLandscapeRight";
				INFOPLIST_KEY_UISupportedInterfaceOrientations_iPhone = "UIInterfaceOrientationPortrait UIInterfaceOrientationLandscapeLeft UIInterfaceOrientationLandscapeRight";
				IPHONEOS_DEPLOYMENT_TARGET = 15.0;
				LD_RUNPATH_SEARCH_PATHS = (
					"$(inherited)",
					"@executable_path/Frameworks",
				);
				MARKETING_VERSION = 1.0;
				PRODUCT_BUNDLE_IDENTIFIER = com.alaskaair.Example;
				PRODUCT_NAME = "$(TARGET_NAME)";
				SWIFT_EMIT_LOC_STRINGS = YES;
				SWIFT_VERSION = 5.0;
				TARGETED_DEVICE_FAMILY = "1,2";
			};
			name = Debug;
		};
		67F83AF22D1F733900B9880A /* Release */ = {
			isa = XCBuildConfiguration;
			buildSettings = {
				ASSETCATALOG_COMPILER_APPICON_NAME = AppIcon;
				ASSETCATALOG_COMPILER_GLOBAL_ACCENT_COLOR_NAME = AccentColor;
				CODE_SIGN_STYLE = Automatic;
				CURRENT_PROJECT_VERSION = 1;
				DEVELOPMENT_ASSET_PATHS = "\"Example/Preview Content\"";
				DEVELOPMENT_TEAM = H562758AXX;
				ENABLE_PREVIEWS = YES;
				GENERATE_INFOPLIST_FILE = YES;
				INFOPLIST_KEY_UIApplicationSceneManifest_Generation = YES;
				INFOPLIST_KEY_UIApplicationSupportsIndirectInputEvents = YES;
				INFOPLIST_KEY_UILaunchScreen_Generation = YES;
				INFOPLIST_KEY_UISupportedInterfaceOrientations_iPad = "UIInterfaceOrientationPortrait UIInterfaceOrientationPortraitUpsideDown UIInterfaceOrientationLandscapeLeft UIInterfaceOrientationLandscapeRight";
				INFOPLIST_KEY_UISupportedInterfaceOrientations_iPhone = "UIInterfaceOrientationPortrait UIInterfaceOrientationLandscapeLeft UIInterfaceOrientationLandscapeRight";
				IPHONEOS_DEPLOYMENT_TARGET = 15.0;
				LD_RUNPATH_SEARCH_PATHS = (
					"$(inherited)",
					"@executable_path/Frameworks",
				);
				MARKETING_VERSION = 1.0;
				PRODUCT_BUNDLE_IDENTIFIER = com.alaskaair.Example;
				PRODUCT_NAME = "$(TARGET_NAME)";
				SWIFT_EMIT_LOC_STRINGS = YES;
				SWIFT_VERSION = 5.0;
				TARGETED_DEVICE_FAMILY = "1,2";
			};
			name = Release;
		};
/* End XCBuildConfiguration section */

/* Begin XCConfigurationList section */
		67F83ADD2D1F733800B9880A /* Build configuration list for PBXProject "Example" */ = {
			isa = XCConfigurationList;
			buildConfigurations = (
				67F83AEE2D1F733900B9880A /* Debug */,
				67F83AEF2D1F733900B9880A /* Release */,
			);
			defaultConfigurationIsVisible = 0;
			defaultConfigurationName = Release;
		};
		67F83AF02D1F733900B9880A /* Build configuration list for PBXNativeTarget "Example" */ = {
			isa = XCConfigurationList;
			buildConfigurations = (
				67F83AF12D1F733900B9880A /* Debug */,
				67F83AF22D1F733900B9880A /* Release */,
			);
			defaultConfigurationIsVisible = 0;
			defaultConfigurationName = Release;
		};
/* End XCConfigurationList section */
	};
	rootObject = 67F83ADA2D1F733800B9880A /* Project object */;
}
